
Microsoft Visual Studio Solution File, Format Version 12.00
# Visual Studio 14
VisualStudioVersion = 14.0.25420.1
MinimumVisualStudioVersion = 10.0.40219.1
Project("{FAE04EC0-301F-11D3-BF4B-00C04F79EFBC}") = "MainCorreo", "MainCorreo\MainCorreo.csproj", "{EA7C0BB7-04E9-42E6-AB44-306B44ABFDE2}"
EndProject
Project("{FAE04EC0-301F-11D3-BF4B-00C04F79EFBC}") = "Entidades", "Entidades\Entidades.csproj", "{32A76A80-2F55-41DB-9258-1106BA6C4CE1}"
EndProject
Project("{FAE04EC0-301F-11D3-BF4B-00C04F79EFBC}") = "CorreoGomezUnitTest", "CorreoGomezUnitTest\CorreoGomezUnitTest.csproj", "{58CC17D1-5F6C-4B1C-B96C-C9BC1BA395F9}"
EndProject
Global
	GlobalSection(SolutionConfigurationPlatforms) = preSolution
		Debug|Any CPU = Debug|Any CPU
		Release|Any CPU = Release|Any CPU
	EndGlobalSection
	GlobalSection(ProjectConfigurationPlatforms) = postSolution
		{EA7C0BB7-04E9-42E6-AB44-306B44ABFDE2}.Debug|Any CPU.ActiveCfg = Debug|Any CPU
		{EA7C0BB7-04E9-42E6-AB44-306B44ABFDE2}.Debug|Any CPU.Build.0 = Debug|Any CPU
		{EA7C0BB7-04E9-42E6-AB44-306B44ABFDE2}.Release|Any CPU.ActiveCfg = Release|Any CPU
		{EA7C0BB7-04E9-42E6-AB44-306B44ABFDE2}.Release|Any CPU.Build.0 = Release|Any CPU
		{32A76A80-2F55-41DB-9258-1106BA6C4CE1}.Debug|Any CPU.ActiveCfg = Debug|Any CPU
		{32A76A80-2F55-41DB-9258-1106BA6C4CE1}.Debug|Any CPU.Build.0 = Debug|Any CPU
		{32A76A80-2F55-41DB-9258-1106BA6C4CE1}.Release|Any CPU.ActiveCfg = Release|Any CPU
		{32A76A80-2F55-41DB-9258-1106BA6C4CE1}.Release|Any CPU.Build.0 = Release|Any CPU
		{58CC17D1-5F6C-4B1C-B96C-C9BC1BA395F9}.Debug|Any CPU.ActiveCfg = Debug|Any CPU
		{58CC17D1-5F6C-4B1C-B96C-C9BC1BA395F9}.Debug|Any CPU.Build.0 = Debug|Any CPU
		{58CC17D1-5F6C-4B1C-B96C-C9BC1BA395F9}.Release|Any CPU.ActiveCfg = Release|Any CPU
		{58CC17D1-5F6C-4B1C-B96C-C9BC1BA395F9}.Release|Any CPU.Build.0 = Release|Any CPU
	EndGlobalSection
	GlobalSection(SolutionProperties) = preSolution
		HideSolutionNode = FALSE
	EndGlobalSection
EndGlobal
